{
  "name": "bibtex-parser",
  "version": "1.0.0",
  "lockfileVersion": 1,
  "requires": true,
  "dependencies": {
    "jsesc": {
      "version": "2.5.2",
      "resolved": "https://registry.npmjs.org/jsesc/-/jsesc-2.5.2.tgz",
      "integrity": "sha512-OYu7XEzjkCQ3C5Ps3QIZsQfNpqoJyZZA99wd9aWd05NCtC5pWOkShK2mkL6HXQR6/Cy2lbNdPlZBpuQHXE63gA==",
      "dev": true
    },
    "pegjs": {
      "version": "0.10.0",
      "resolved": "https://registry.npmjs.org/pegjs/-/pegjs-0.10.0.tgz",
      "integrity": "sha1-z4uvrm7d/0tafvsYUmnqr0YQ3b0=",
      "dev": true
    },
    "pegjs-backtrace": {
      "version": "0.2.0",
      "resolved": "https://registry.npmjs.org/pegjs-backtrace/-/pegjs-backtrace-0.2.0.tgz",
      "integrity": "sha512-wWczRCecnPlAdSc6Sfqb+3RY89Rhfcxud6+45tuN6f2BNJDd0vQaHIC4TggdlLfMrlhhy37MhznV+Axj2k7xyQ=="
    },
    "typescript": {
      "version": "3.5.3",
      "resolved": "https://registry.npmjs.org/typescript/-/typescript-3.5.3.tgz",
      "integrity": "sha512-ACzBtm/PhXBDId6a6sDJfroT2pOWt/oOnk4/dElG5G33ZL776N3Y6/6bKZJBFpd+b05F3Ct9qDjMeJmRWtE2/g==",
      "dev": true
    },
    "unicode2latex": {
      "version": "1.0.19",
      "resolved": "https://registry.npmjs.org/unicode2latex/-/unicode2latex-1.0.19.tgz",
      "integrity": "sha512-E9PNrCesmaR61+688oMmVkxsZStCCMfYE4ELePSu7PaoLFcVIR+E3M/VHhF9uUMH8pXoj9xMiaHELc5O/EAiOQ==",
      "dev": true
    }
  }
}
